
Microsoft Visual Studio Solution File, Format Version 12.00
# Visual Studio Version 16
VisualStudioVersion = 16.0.31605.320
MinimumVisualStudioVersion = 10.0.40219.1
Project("{F184B08F-C81C-45F6-A57F-5ABD9991F28F}") = "AddFileIndex", "AddFileIndex\AddFileIndex.vbproj", "{47864EA7-DFF5-4C59-B8A6-12B5149D42F6}"
EndProject
Global
	GlobalSection(SolutionConfigurationPlatforms) = preSolution
		Debug|Any CPU = Debug|Any CPU
		Release|Any CPU = Release|Any CPU
	EndGlobalSection
	GlobalSection(ProjectConfigurationPlatforms) = postSolution
		{47864EA7-DFF5-4C59-B8A6-12B5149D42F6}.Debug|Any CPU.ActiveCfg = Debug|Any CPU
		{47864EA7-DFF5-4C59-B8A6-12B5149D42F6}.Debug|Any CPU.Build.0 = Debug|Any CPU
		{47864EA7-DFF5-4C59-B8A6-12B5149D42F6}.Release|Any CPU.ActiveCfg = Release|Any CPU
		{47864EA7-DFF5-4C59-B8A6-12B5149D42F6}.Release|Any CPU.Build.0 = Release|Any CPU
	EndGlobalSection
	GlobalSection(SolutionProperties) = preSolution
		HideSolutionNode = FALSE
	EndGlobalSection
	GlobalSection(ExtensibilityGlobals) = postSolution
		SolutionGuid = {172DA056-E882-4C87-869C-58B3E7B198A7}
	EndGlobalSection
EndGlobal
